// !$*UTF8*$!
{
	archiveVersion = 1;
	classes = {
	};
	objectVersion = 56;
	objects = {

/* Begin PBXBuildFile section */
		459136772AE3EBBB001874CB /* RxCocoa in Frameworks */ = {isa = PBXBuildFile; productRef = 459136762AE3EBBB001874CB /* RxCocoa */; };
		4591367F2AE3EBBB001874CB /* RxSwift in Frameworks */ = {isa = PBXBuildFile; productRef = 4591367E2AE3EBBB001874CB /* RxSwift */; };
		459136872AE3F581001874CB /* TableViewCell.swift in Sources */ = {isa = PBXBuildFile; fileRef = 459136862AE3F581001874CB /* TableViewCell.swift */; };
		45CA842D2AE3CA48004146EB /* AppDelegate.swift in Sources */ = {isa = PBXBuildFile; fileRef = 45CA842C2AE3CA48004146EB /* AppDelegate.swift */; };
		45CA842F2AE3CA48004146EB /* SceneDelegate.swift in Sources */ = {isa = PBXBuildFile; fileRef = 45CA842E2AE3CA48004146EB /* SceneDelegate.swift */; };
		45CA84312AE3CA48004146EB /* ViewController.swift in Sources */ = {isa = PBXBuildFile; fileRef = 45CA84302AE3CA48004146EB /* ViewController.swift */; };
		45CA84342AE3CA48004146EB /* Main.storyboard in Resources */ = {isa = PBXBuildFile; fileRef = 45CA84322AE3CA48004146EB /* Main.storyboard */; };
		45CA84362AE3CA49004146EB /* Assets.xcassets in Resources */ = {isa = PBXBuildFile; fileRef = 45CA84352AE3CA49004146EB /* Assets.xcassets */; };
		45CA84392AE3CA49004146EB /* LaunchScreen.storyboard in Resources */ = {isa = PBXBuildFile; fileRef = 45CA84372AE3CA49004146EB /* LaunchScreen.storyboard */; };
		45CA84452AE3CA99004146EB /* Crypto.swift in Sources */ = {isa = PBXBuildFile; fileRef = 45CA84442AE3CA99004146EB /* Crypto.swift */; };
		45CA84482AE3DEC7004146EB /* WebService.swift in Sources */ = {isa = PBXBuildFile; fileRef = 45CA84472AE3DEC7004146EB /* WebService.swift */; };
		45CA844A2AE3E5D1004146EB /* CryptoViewModel.swift in Sources */ = {isa = PBXBuildFile; fileRef = 45CA84492AE3E5D1004146EB /* CryptoViewModel.swift */; };
/* End PBXBuildFile section */

/* Begin PBXFileReference section */
		459136862AE3F581001874CB /* TableViewCell.swift */ = {isa = PBXFileReference; lastKnownFileType = sourcecode.swift; path = TableViewCell.swift; sourceTree = "<group>"; };
		45CA84292AE3CA48004146EB /* CryptoApp.app */ = {isa = PBXFileReference; explicitFileType = wrapper.application; includeInIndex = 0; path = CryptoApp.app; sourceTree = BUILT_PRODUCTS_DIR; };
		45CA842C2AE3CA48004146EB /* AppDelegate.swift */ = {isa = PBXFileReference; lastKnownFileType = sourcecode.swift; path = AppDelegate.swift; sourceTree = "<group>"; };
		45CA842E2AE3CA48004146EB /* SceneDelegate.swift */ = {isa = PBXFileReference; lastKnownFileType = sourcecode.swift; path = SceneDelegate.swift; sourceTree = "<group>"; };
		45CA84302AE3CA48004146EB /* ViewController.swift */ = {isa = PBXFileReference; lastKnownFileType = sourcecode.swift; path = ViewController.swift; sourceTree = "<group>"; };
		45CA84332AE3CA48004146EB /* Base */ = {isa = PBXFileReference; lastKnownFileType = file.storyboard; name = Base; path = Base.lproj/Main.storyboard; sourceTree = "<group>"; };
		45CA84352AE3CA49004146EB /* Assets.xcassets */ = {isa = PBXFileReference; lastKnownFileType = folder.assetcatalog; path = Assets.xcassets; sourceTree = "<group>"; };
		45CA84382AE3CA49004146EB /* Base */ = {isa = PBXFileReference; lastKnownFileType = file.storyboard; name = Base; path = Base.lproj/LaunchScreen.storyboard; sourceTree = "<group>"; };
		45CA843A2AE3CA49004146EB /* Info.plist */ = {isa = PBXFileReference; lastKnownFileType = text.plist.xml; path = Info.plist; sourceTree = "<group>"; };
		45CA84442AE3CA99004146EB /* Crypto.swift */ = {isa = PBXFileReference; lastKnownFileType = sourcecode.swift; path = Crypto.swift; sourceTree = "<group>"; };
		45CA84472AE3DEC7004146EB /* WebService.swift */ = {isa = PBXFileReference; lastKnownFileType = sourcecode.swift; path = WebService.swift; sourceTree = "<group>"; };
		45CA84492AE3E5D1004146EB /* CryptoViewModel.swift */ = {isa = PBXFileReference; lastKnownFileType = sourcecode.swift; path = CryptoViewModel.swift; sourceTree = "<group>"; };
/* End PBXFileReference section */

/* Begin PBXFrameworksBuildPhase section */
		45CA84262AE3CA48004146EB /* Frameworks */ = {
			isa = PBXFrameworksBuildPhase;
			buildActionMask = 2147483647;
			files = (
				459136772AE3EBBB001874CB /* RxCocoa in Frameworks */,
				4591367F2AE3EBBB001874CB /* RxSwift in Frameworks */,
			);
			runOnlyForDeploymentPostprocessing = 0;
		};
/* End PBXFrameworksBuildPhase section */

/* Begin PBXGroup section */
		4591366E2AE3EB35001874CB /* Frameworks */ = {
			isa = PBXGroup;
			children = (
			);
			name = Frameworks;
			sourceTree = "<group>";
		};
		45CA84202AE3CA48004146EB = {
			isa = PBXGroup;
			children = (
				45CA842B2AE3CA48004146EB /* CryptoApp */,
				45CA842A2AE3CA48004146EB /* Products */,
				4591366E2AE3EB35001874CB /* Frameworks */,
			);
			sourceTree = "<group>";
		};
		45CA842A2AE3CA48004146EB /* Products */ = {
			isa = PBXGroup;
			children = (
				45CA84292AE3CA48004146EB /* CryptoApp.app */,
			);
			name = Products;
			sourceTree = "<group>";
		};
		45CA842B2AE3CA48004146EB /* CryptoApp */ = {
			isa = PBXGroup;
			children = (
				45CA84462AE3DEBE004146EB /* Service */,
				45CA84432AE3CA82004146EB /* Util */,
				45CA84422AE3CA74004146EB /* ViewModel */,
				45CA84412AE3CA70004146EB /* Model */,
				45CA84402AE3CA60004146EB /* View */,
				45CA843A2AE3CA49004146EB /* Info.plist */,
			);
			path = CryptoApp;
			sourceTree = "<group>";
		};
		45CA84402AE3CA60004146EB /* View */ = {
			isa = PBXGroup;
			children = (
				45CA84302AE3CA48004146EB /* ViewController.swift */,
				459136862AE3F581001874CB /* TableViewCell.swift */,
			);
			path = View;
			sourceTree = "<group>";
		};
		45CA84412AE3CA70004146EB /* Model */ = {
			isa = PBXGroup;
			children = (
				45CA84442AE3CA99004146EB /* Crypto.swift */,
			);
			path = Model;
			sourceTree = "<group>";
		};
		45CA84422AE3CA74004146EB /* ViewModel */ = {
			isa = PBXGroup;
			children = (
				45CA84492AE3E5D1004146EB /* CryptoViewModel.swift */,
			);
			path = ViewModel;
			sourceTree = "<group>";
		};
		45CA84432AE3CA82004146EB /* Util */ = {
			isa = PBXGroup;
			children = (
				45CA842C2AE3CA48004146EB /* AppDelegate.swift */,
				45CA842E2AE3CA48004146EB /* SceneDelegate.swift */,
				45CA84322AE3CA48004146EB /* Main.storyboard */,
				45CA84352AE3CA49004146EB /* Assets.xcassets */,
				45CA84372AE3CA49004146EB /* LaunchScreen.storyboard */,
			);
			path = Util;
			sourceTree = "<group>";
		};
		45CA84462AE3DEBE004146EB /* Service */ = {
			isa = PBXGroup;
			children = (
				45CA84472AE3DEC7004146EB /* WebService.swift */,
			);
			path = Service;
			sourceTree = "<group>";
		};
/* End PBXGroup section */

/* Begin PBXNativeTarget section */
		45CA84282AE3CA48004146EB /* CryptoApp */ = {
			isa = PBXNativeTarget;
			buildConfigurationList = 45CA843D2AE3CA49004146EB /* Build configuration list for PBXNativeTarget "CryptoApp" */;
			buildPhases = (
				45CA84252AE3CA48004146EB /* Sources */,
				45CA84262AE3CA48004146EB /* Frameworks */,
				45CA84272AE3CA48004146EB /* Resources */,
			);
			buildRules = (
			);
			dependencies = (
			);
			name = CryptoApp;
			packageProductDependencies = (
				459136762AE3EBBB001874CB /* RxCocoa */,
				4591367E2AE3EBBB001874CB /* RxSwift */,
			);
			productName = CryptoApp;
			productReference = 45CA84292AE3CA48004146EB /* CryptoApp.app */;
			productType = "com.apple.product-type.application";
		};
/* End PBXNativeTarget section */

/* Begin PBXProject section */
		45CA84212AE3CA48004146EB /* Project object */ = {
			isa = PBXProject;
			attributes = {
				BuildIndependentTargetsInParallel = 1;
				LastSwiftUpdateCheck = 1430;
				LastUpgradeCheck = 1430;
				TargetAttributes = {
					45CA84282AE3CA48004146EB = {
						CreatedOnToolsVersion = 14.3.1;
					};
				};
			};
			buildConfigurationList = 45CA84242AE3CA48004146EB /* Build configuration list for PBXProject "CryptoApp" */;
			compatibilityVersion = "Xcode 14.0";
			developmentRegion = en;
			hasScannedForEncodings = 0;
			knownRegions = (
				en,
				Base,
			);
			mainGroup = 45CA84202AE3CA48004146EB;
			packageReferences = (
				459136712AE3EBBB001874CB /* XCRemoteSwiftPackageReference "RxSwift" */,
			);
			productRefGroup = 45CA842A2AE3CA48004146EB /* Products */;
			projectDirPath = "";
			projectRoot = "";
			targets = (
				45CA84282AE3CA48004146EB /* CryptoApp */,
			);
		};
/* End PBXProject section */

/* Begin PBXResourcesBuildPhase section */
		45CA84272AE3CA48004146EB /* Resources */ = {
			isa = PBXResourcesBuildPhase;
			buildActionMask = 2147483647;
			files = (
				45CA84392AE3CA49004146EB /* LaunchScreen.storyboard in Resources */,
				45CA84362AE3CA49004146EB /* Assets.xcassets in Resources */,
				45CA84342AE3CA48004146EB /* Main.storyboard in Resources */,
			);
			runOnlyForDeploymentPostprocessing = 0;
		};
/* End PBXResourcesBuildPhase section */

/* Begin PBXSourcesBuildPhase section */
		45CA84252AE3CA48004146EB /* Sources */ = {
			isa = PBXSourcesBuildPhase;
			buildActionMask = 2147483647;
			files = (
				45CA84452AE3CA99004146EB /* Crypto.swift in Sources */,
				45CA84312AE3CA48004146EB /* ViewController.swift in Sources */,
				45CA842D2AE3CA48004146EB /* AppDelegate.swift in Sources */,
				45CA84482AE3DEC7004146EB /* WebService.swift in Sources */,
				45CA842F2AE3CA48004146EB /* SceneDelegate.swift in Sources */,
				459136872AE3F581001874CB /* TableViewCell.swift in Sources */,
				45CA844A2AE3E5D1004146EB /* CryptoViewModel.swift in Sources */,
			);
			runOnlyForDeploymentPostprocessing = 0;
		};
/* End PBXSourcesBuildPhase section */

/* Begin PBXVariantGroup section */
		45CA84322AE3CA48004146EB /* Main.storyboard */ = {
			isa = PBXVariantGroup;
			children = (
				45CA84332AE3CA48004146EB /* Base */,
			);
			name = Main.storyboard;
			sourceTree = "<group>";
		};
		45CA84372AE3CA49004146EB /* LaunchScreen.storyboard */ = {
			isa = PBXVariantGroup;
			children = (
				45CA84382AE3CA49004146EB /* Base */,
			);
			name = LaunchScreen.storyboard;
			sourceTree = "<group>";
		};
/* End PBXVariantGroup section */

/* Begin XCBuildConfiguration section */
		45CA843B2AE3CA49004146EB /* Debug */ = {
			isa = XCBuildConfiguration;
			buildSettings = {
				ALWAYS_SEARCH_USER_PATHS = NO;
				CLANG_ANALYZER_NONNULL = YES;
				CLANG_ANALYZER_NUMBER_OBJECT_CONVERSION = YES_AGGRESSIVE;
				CLANG_CXX_LANGUAGE_STANDARD = "gnu++20";
				CLANG_ENABLE_MODULES = YES;
				CLANG_ENABLE_OBJC_ARC = YES;
				CLANG_ENABLE_OBJC_WEAK = YES;
				CLANG_WARN_BLOCK_CAPTURE_AUTORELEASING = YES;
				CLANG_WARN_BOOL_CONVERSION = YES;
				CLANG_WARN_COMMA = YES;
				CLANG_WARN_CONSTANT_CONVERSION = YES;
				CLANG_WARN_DEPRECATED_OBJC_IMPLEMENTATIONS = YES;
				CLANG_WARN_DIRECT_OBJC_ISA_USAGE = YES_ERROR;
				CLANG_WARN_DOCUMENTATION_COMMENTS = YES;
				CLANG_WARN_EMPTY_BODY = YES;
				CLANG_WARN_ENUM_CONVERSION = YES;
				CLANG_WARN_INFINITE_RECURSION = YES;
				CLANG_WARN_INT_CONVERSION = YES;
				CLANG_WARN_NON_LITERAL_NULL_CONVERSION = YES;
				CLANG_WARN_OBJC_IMPLICIT_RETAIN_SELF = YES;
				CLANG_WARN_OBJC_LITERAL_CONVERSION = YES;
				CLANG_WARN_OBJC_ROOT_CLASS = YES_ERROR;
				CLANG_WARN_QUOTED_INCLUDE_IN_FRAMEWORK_HEADER = YES;
				CLANG_WARN_RANGE_LOOP_ANALYSIS = YES;
				CLANG_WARN_STRICT_PROTOTYPES = YES;
				CLANG_WARN_SUSPICIOUS_MOVE = YES;
				CLANG_WARN_UNGUARDED_AVAILABILITY = YES_AGGRESSIVE;
				CLANG_WARN_UNREACHABLE_CODE = YES;
				CLANG_WARN__DUPLICATE_METHOD_MATCH = YES;
				COPY_PHASE_STRIP = NO;
				DEBUG_INFORMATION_FORMAT = dwarf;
				ENABLE_STRICT_OBJC_MSGSEND = YES;
				ENABLE_TESTABILITY = YES;
				GCC_C_LANGUAGE_STANDARD = gnu11;
				GCC_DYNAMIC_NO_PIC = NO;
				GCC_NO_COMMON_BLOCKS = YES;
				GCC_OPTIMIZATION_LEVEL = 0;
				GCC_PREPROCESSOR_DEFINITIONS = (
					"DEBUG=1",
					"$(inherited)",
				);
				GCC_WARN_64_TO_32_BIT_CONVERSION = YES;
				GCC_WARN_ABOUT_RETURN_TYPE = YES_ERROR;
				GCC_WARN_UNDECLARED_SELECTOR = YES;
				GCC_WARN_UNINITIALIZED_AUTOS = YES_AGGRESSIVE;
				GCC_WARN_UNUSED_FUNCTION = YES;
				GCC_WARN_UNUSED_VARIABLE = YES;
				IPHONEOS_DEPLOYMENT_TARGET = 16.4;
				MTL_ENABLE_DEBUG_INFO = INCLUDE_SOURCE;
				MTL_FAST_MATH = YES;
				ONLY_ACTIVE_ARCH = YES;
				SDKROOT = iphoneos;
				SWIFT_ACTIVE_COMPILATION_CONDITIONS = DEBUG;
				SWIFT_OPTIMIZATION_LEVEL = "-Onone";
			};
			name = Debug;
		};
		45CA843C2AE3CA49004146EB /* Release */ = {
			isa = XCBuildConfiguration;
			buildSettings = {
				ALWAYS_SEARCH_USER_PATHS = NO;
				CLANG_ANALYZER_NONNULL = YES;
				CLANG_ANALYZER_NUMBER_OBJECT_CONVERSION = YES_AGGRESSIVE;
				CLANG_CXX_LANGUAGE_STANDARD = "gnu++20";
				CLANG_ENABLE_MODULES = YES;
				CLANG_ENABLE_OBJC_ARC = YES;
				CLANG_ENABLE_OBJC_WEAK = YES;
				CLANG_WARN_BLOCK_CAPTURE_AUTORELEASING = YES;
				CLANG_WARN_BOOL_CONVERSION = YES;
				CLANG_WARN_COMMA = YES;
				CLANG_WARN_CONSTANT_CONVERSION = YES;
				CLANG_WARN_DEPRECATED_OBJC_IMPLEMENTATIONS = YES;
				CLANG_WARN_DIRECT_OBJC_ISA_USAGE = YES_ERROR;
				CLANG_WARN_DOCUMENTATION_COMMENTS = YES;
				CLANG_WARN_EMPTY_BODY = YES;
				CLANG_WARN_ENUM_CONVERSION = YES;
				CLANG_WARN_INFINITE_RECURSION = YES;
				CLANG_WARN_INT_CONVERSION = YES;
				CLANG_WARN_NON_LITERAL_NULL_CONVERSION = YES;
				CLANG_WARN_OBJC_IMPLICIT_RETAIN_SELF = YES;
				CLANG_WARN_OBJC_LITERAL_CONVERSION = YES;
				CLANG_WARN_OBJC_ROOT_CLASS = YES_ERROR;
				CLANG_WARN_QUOTED_INCLUDE_IN_FRAMEWORK_HEADER = YES;
				CLANG_WARN_RANGE_LOOP_ANALYSIS = YES;
				CLANG_WARN_STRICT_PROTOTYPES = YES;
				CLANG_WARN_SUSPICIOUS_MOVE = YES;
				CLANG_WARN_UNGUARDED_AVAILABILITY = YES_AGGRESSIVE;
				CLANG_WARN_UNREACHABLE_CODE = YES;
				CLANG_WARN__DUPLICATE_METHOD_MATCH = YES;
				COPY_PHASE_STRIP = NO;
				DEBUG_INFORMATION_FORMAT = "dwarf-with-dsym";
				ENABLE_NS_ASSERTIONS = NO;
				ENABLE_STRICT_OBJC_MSGSEND = YES;
				GCC_C_LANGUAGE_STANDARD = gnu11;
				GCC_NO_COMMON_BLOCKS = YES;
				GCC_WARN_64_TO_32_BIT_CONVERSION = YES;
				GCC_WARN_ABOUT_RETURN_TYPE = YES_ERROR;
				GCC_WARN_UNDECLARED_SELECTOR = YES;
				GCC_WARN_UNINITIALIZED_AUTOS = YES_AGGRESSIVE;
				GCC_WARN_UNUSED_FUNCTION = YES;
				GCC_WARN_UNUSED_VARIABLE = YES;
				IPHONEOS_DEPLOYMENT_TARGET = 16.4;
				MTL_ENABLE_DEBUG_INFO = NO;
				MTL_FAST_MATH = YES;
				SDKROOT = iphoneos;
				SWIFT_COMPILATION_MODE = wholemodule;
				SWIFT_OPTIMIZATION_LEVEL = "-O";
				VALIDATE_PRODUCT = YES;
			};
			name = Release;
		};
		45CA843E2AE3CA49004146EB /* Debug */ = {
			isa = XCBuildConfiguration;
			buildSettings = {
				ASSETCATALOG_COMPILER_APPICON_NAME = AppIcon;
				ASSETCATALOG_COMPILER_GLOBAL_ACCENT_COLOR_NAME = AccentColor;
				CODE_SIGN_STYLE = Automatic;
				CURRENT_PROJECT_VERSION = 1;
				DEVELOPMENT_TEAM = A6RAK7H465;
				GENERATE_INFOPLIST_FILE = YES;
				INFOPLIST_FILE = CryptoApp/Info.plist;
				INFOPLIST_KEY_UIApplicationSupportsIndirectInputEvents = YES;
				INFOPLIST_KEY_UILaunchStoryboardName = LaunchScreen;
				INFOPLIST_KEY_UIMainStoryboardFile = Main;
				INFOPLIST_KEY_UISupportedInterfaceOrientations_iPad = "UIInterfaceOrientationPortrait UIInterfaceOrientationPortraitUpsideDown UIInterfaceOrientationLandscapeLeft UIInterfaceOrientationLandscapeRight";
				INFOPLIST_KEY_UISupportedInterfaceOrientations_iPhone = "UIInterfaceOrientationPortrait UIInterfaceOrientationLandscapeLeft UIInterfaceOrientationLandscapeRight";
				LD_RUNPATH_SEARCH_PATHS = (
					"$(inherited)",
					"@executable_path/Frameworks",
				);
				MARKETING_VERSION = 1.0;
				PRODUCT_BUNDLE_IDENTIFIER = com.berkaysazak.CryptoApp;
				PRODUCT_NAME = "$(TARGET_NAME)";
				SWIFT_EMIT_LOC_STRINGS = YES;
				SWIFT_VERSION = 5.0;
				TARGETED_DEVICE_FAMILY = "1,2";
			};
			name = Debug;
		};
		45CA843F2AE3CA49004146EB /* Release */ = {
			isa = XCBuildConfiguration;
			buildSettings = {
				ASSETCATALOG_COMPILER_APPICON_NAME = AppIcon;
				ASSETCATALOG_COMPILER_GLOBAL_ACCENT_COLOR_NAME = AccentColor;
				CODE_SIGN_STYLE = Automatic;
				CURRENT_PROJECT_VERSION = 1;
				DEVELOPMENT_TEAM = A6RAK7H465;
				GENERATE_INFOPLIST_FILE = YES;
				INFOPLIST_FILE = CryptoApp/Info.plist;
				INFOPLIST_KEY_UIApplicationSupportsIndirectInputEvents = YES;
				INFOPLIST_KEY_UILaunchStoryboardName = LaunchScreen;
				INFOPLIST_KEY_UIMainStoryboardFile = Main;
				INFOPLIST_KEY_UISupportedInterfaceOrientations_iPad = "UIInterfaceOrientationPortrait UIInterfaceOrientationPortraitUpsideDown UIInterfaceOrientationLandscapeLeft UIInterfaceOrientationLandscapeRight";
				INFOPLIST_KEY_UISupportedInterfaceOrientations_iPhone = "UIInterfaceOrientationPortrait UIInterfaceOrientationLandscapeLeft UIInterfaceOrientationLandscapeRight";
				LD_RUNPATH_SEARCH_PATHS = (
					"$(inherited)",
					"@executable_path/Frameworks",
				);
				MARKETING_VERSION = 1.0;
				PRODUCT_BUNDLE_IDENTIFIER = com.berkaysazak.CryptoApp;
				PRODUCT_NAME = "$(TARGET_NAME)";
				SWIFT_EMIT_LOC_STRINGS = YES;
				SWIFT_VERSION = 5.0;
				TARGETED_DEVICE_FAMILY = "1,2";
			};
			name = Release;
		};
/* End XCBuildConfiguration section */

/* Begin XCConfigurationList section */
		45CA84242AE3CA48004146EB /* Build configuration list for PBXProject "CryptoApp" */ = {
			isa = XCConfigurationList;
			buildConfigurations = (
				45CA843B2AE3CA49004146EB /* Debug */,
				45CA843C2AE3CA49004146EB /* Release */,
			);
			defaultConfigurationIsVisible = 0;
			defaultConfigurationName = Release;
		};
		45CA843D2AE3CA49004146EB /* Build configuration list for PBXNativeTarget "CryptoApp" */ = {
			isa = XCConfigurationList;
			buildConfigurations = (
				45CA843E2AE3CA49004146EB /* Debug */,
				45CA843F2AE3CA49004146EB /* Release */,
			);
			defaultConfigurationIsVisible = 0;
			defaultConfigurationName = Release;
		};
/* End XCConfigurationList section */

/* Begin XCRemoteSwiftPackageReference section */
		459136712AE3EBBB001874CB /* XCRemoteSwiftPackageReference "RxSwift" */ = {
			isa = XCRemoteSwiftPackageReference;
			repositoryURL = "https://github.com/ReactiveX/RxSwift.git";
			requirement = {
				kind = upToNextMajorVersion;
				minimumVersion = 6.0.0;
			};
		};
/* End XCRemoteSwiftPackageReference section */

/* Begin XCSwiftPackageProductDependency section */
		459136762AE3EBBB001874CB /* RxCocoa */ = {
			isa = XCSwiftPackageProductDependency;
			package = 459136712AE3EBBB001874CB /* XCRemoteSwiftPackageReference "RxSwift" */;
			productName = RxCocoa;
		};
		4591367E2AE3EBBB001874CB /* RxSwift */ = {
			isa = XCSwiftPackageProductDependency;
			package = 459136712AE3EBBB001874CB /* XCRemoteSwiftPackageReference "RxSwift" */;
			productName = RxSwift;
		};
/* End XCSwiftPackageProductDependency section */
	};
	rootObject = 45CA84212AE3CA48004146EB /* Project object */;
}
