// !$*UTF8*$!
{
	archiveVersion = 1;
	classes = {
	};
	objectVersion = 56;
	objects = {

/* Begin PBXBuildFile section */
		451D68AD2AEC037F00F81A1E /* DetailsView.swift in Sources */ = {isa = PBXBuildFile; fileRef = 451D68AC2AEC037F00F81A1E /* DetailsView.swift */; };
		457CFC312AEBEFF600E6C92F /* CryptoAppSwfitUIApp.swift in Sources */ = {isa = PBXBuildFile; fileRef = 457CFC302AEBEFF600E6C92F /* CryptoAppSwfitUIApp.swift */; };
		457CFC332AEBEFF600E6C92F /* ContentView.swift in Sources */ = {isa = PBXBuildFile; fileRef = 457CFC322AEBEFF600E6C92F /* ContentView.swift */; };
		457CFC352AEBEFF800E6C92F /* Assets.xcassets in Resources */ = {isa = PBXBuildFile; fileRef = 457CFC342AEBEFF800E6C92F /* Assets.xcassets */; };
		457CFC382AEBEFF800E6C92F /* Preview Assets.xcassets in Resources */ = {isa = PBXBuildFile; fileRef = 457CFC372AEBEFF800E6C92F /* Preview Assets.xcassets */; };
		457CFC432AEBF03900E6C92F /* WebService.swift in Sources */ = {isa = PBXBuildFile; fileRef = 457CFC422AEBF03900E6C92F /* WebService.swift */; };
		457CFC452AEBF05A00E6C92F /* Crypto.swift in Sources */ = {isa = PBXBuildFile; fileRef = 457CFC442AEBF05A00E6C92F /* Crypto.swift */; };
		457CFC472AEBF0A900E6C92F /* CryptoListViewModel.swift in Sources */ = {isa = PBXBuildFile; fileRef = 457CFC462AEBF0A900E6C92F /* CryptoListViewModel.swift */; };
/* End PBXBuildFile section */

/* Begin PBXFileReference section */
		451D68AC2AEC037F00F81A1E /* DetailsView.swift */ = {isa = PBXFileReference; lastKnownFileType = sourcecode.swift; path = DetailsView.swift; sourceTree = "<group>"; };
		457CFC2D2AEBEFF600E6C92F /* CryptoAppSwfitUI.app */ = {isa = PBXFileReference; explicitFileType = wrapper.application; includeInIndex = 0; path = CryptoAppSwfitUI.app; sourceTree = BUILT_PRODUCTS_DIR; };
		457CFC302AEBEFF600E6C92F /* CryptoAppSwfitUIApp.swift */ = {isa = PBXFileReference; lastKnownFileType = sourcecode.swift; path = CryptoAppSwfitUIApp.swift; sourceTree = "<group>"; };
		457CFC322AEBEFF600E6C92F /* ContentView.swift */ = {isa = PBXFileReference; lastKnownFileType = sourcecode.swift; path = ContentView.swift; sourceTree = "<group>"; };
		457CFC342AEBEFF800E6C92F /* Assets.xcassets */ = {isa = PBXFileReference; lastKnownFileType = folder.assetcatalog; path = Assets.xcassets; sourceTree = "<group>"; };
		457CFC372AEBEFF800E6C92F /* Preview Assets.xcassets */ = {isa = PBXFileReference; lastKnownFileType = folder.assetcatalog; path = "Preview Assets.xcassets"; sourceTree = "<group>"; };
		457CFC422AEBF03900E6C92F /* WebService.swift */ = {isa = PBXFileReference; lastKnownFileType = sourcecode.swift; path = WebService.swift; sourceTree = "<group>"; };
		457CFC442AEBF05A00E6C92F /* Crypto.swift */ = {isa = PBXFileReference; lastKnownFileType = sourcecode.swift; path = Crypto.swift; sourceTree = "<group>"; };
		457CFC462AEBF0A900E6C92F /* CryptoListViewModel.swift */ = {isa = PBXFileReference; lastKnownFileType = sourcecode.swift; path = CryptoListViewModel.swift; sourceTree = "<group>"; };
/* End PBXFileReference section */

/* Begin PBXFrameworksBuildPhase section */
		457CFC2A2AEBEFF600E6C92F /* Frameworks */ = {
			isa = PBXFrameworksBuildPhase;
			buildActionMask = 2147483647;
			files = (
			);
			runOnlyForDeploymentPostprocessing = 0;
		};
/* End PBXFrameworksBuildPhase section */

/* Begin PBXGroup section */
		457CFC242AEBEFF600E6C92F = {
			isa = PBXGroup;
			children = (
				457CFC2F2AEBEFF600E6C92F /* CryptoAppSwfitUI */,
				457CFC2E2AEBEFF600E6C92F /* Products */,
			);
			sourceTree = "<group>";
		};
		457CFC2E2AEBEFF600E6C92F /* Products */ = {
			isa = PBXGroup;
			children = (
				457CFC2D2AEBEFF600E6C92F /* CryptoAppSwfitUI.app */,
			);
			name = Products;
			sourceTree = "<group>";
		};
		457CFC2F2AEBEFF600E6C92F /* CryptoAppSwfitUI */ = {
			isa = PBXGroup;
			children = (
				457CFC412AEBF02100E6C92F /* Service */,
				457CFC402AEBF01900E6C92F /* Model */,
				457CFC3F2AEBF01100E6C92F /* ViewModel */,
				457CFC3E2AEBF00C00E6C92F /* View */,
				457CFC302AEBEFF600E6C92F /* CryptoAppSwfitUIApp.swift */,
				457CFC342AEBEFF800E6C92F /* Assets.xcassets */,
				457CFC362AEBEFF800E6C92F /* Preview Content */,
			);
			path = CryptoAppSwfitUI;
			sourceTree = "<group>";
		};
		457CFC362AEBEFF800E6C92F /* Preview Content */ = {
			isa = PBXGroup;
			children = (
				457CFC372AEBEFF800E6C92F /* Preview Assets.xcassets */,
			);
			path = "Preview Content";
			sourceTree = "<group>";
		};
		457CFC3E2AEBF00C00E6C92F /* View */ = {
			isa = PBXGroup;
			children = (
				457CFC322AEBEFF600E6C92F /* ContentView.swift */,
				451D68AC2AEC037F00F81A1E /* DetailsView.swift */,
			);
			path = View;
			sourceTree = "<group>";
		};
		457CFC3F2AEBF01100E6C92F /* ViewModel */ = {
			isa = PBXGroup;
			children = (
				457CFC462AEBF0A900E6C92F /* CryptoListViewModel.swift */,
			);
			path = ViewModel;
			sourceTree = "<group>";
		};
		457CFC402AEBF01900E6C92F /* Model */ = {
			isa = PBXGroup;
			children = (
				457CFC442AEBF05A00E6C92F /* Crypto.swift */,
			);
			path = Model;
			sourceTree = "<group>";
		};
		457CFC412AEBF02100E6C92F /* Service */ = {
			isa = PBXGroup;
			children = (
				457CFC422AEBF03900E6C92F /* WebService.swift */,
			);
			path = Service;
			sourceTree = "<group>";
		};
/* End PBXGroup section */

/* Begin PBXNativeTarget section */
		457CFC2C2AEBEFF600E6C92F /* CryptoAppSwfitUI */ = {
			isa = PBXNativeTarget;
			buildConfigurationList = 457CFC3B2AEBEFF800E6C92F /* Build configuration list for PBXNativeTarget "CryptoAppSwfitUI" */;
			buildPhases = (
				457CFC292AEBEFF600E6C92F /* Sources */,
				457CFC2A2AEBEFF600E6C92F /* Frameworks */,
				457CFC2B2AEBEFF600E6C92F /* Resources */,
			);
			buildRules = (
			);
			dependencies = (
			);
			name = CryptoAppSwfitUI;
			productName = CryptoAppSwfitUI;
			productReference = 457CFC2D2AEBEFF600E6C92F /* CryptoAppSwfitUI.app */;
			productType = "com.apple.product-type.application";
		};
/* End PBXNativeTarget section */

/* Begin PBXProject section */
		457CFC252AEBEFF600E6C92F /* Project object */ = {
			isa = PBXProject;
			attributes = {
				BuildIndependentTargetsInParallel = 1;
				LastSwiftUpdateCheck = 1500;
				LastUpgradeCheck = 1500;
				TargetAttributes = {
					457CFC2C2AEBEFF600E6C92F = {
						CreatedOnToolsVersion = 15.0.1;
					};
				};
			};
			buildConfigurationList = 457CFC282AEBEFF600E6C92F /* Build configuration list for PBXProject "CryptoAppSwfitUI" */;
			compatibilityVersion = "Xcode 14.0";
			developmentRegion = en;
			hasScannedForEncodings = 0;
			knownRegions = (
				en,
				Base,
			);
			mainGroup = 457CFC242AEBEFF600E6C92F;
			productRefGroup = 457CFC2E2AEBEFF600E6C92F /* Products */;
			projectDirPath = "";
			projectRoot = "";
			targets = (
				457CFC2C2AEBEFF600E6C92F /* CryptoAppSwfitUI */,
			);
		};
/* End PBXProject section */

/* Begin PBXResourcesBuildPhase section */
		457CFC2B2AEBEFF600E6C92F /* Resources */ = {
			isa = PBXResourcesBuildPhase;
			buildActionMask = 2147483647;
			files = (
				457CFC382AEBEFF800E6C92F /* Preview Assets.xcassets in Resources */,
				457CFC352AEBEFF800E6C92F /* Assets.xcassets in Resources */,
			);
			runOnlyForDeploymentPostprocessing = 0;
		};
/* End PBXResourcesBuildPhase section */

/* Begin PBXSourcesBuildPhase section */
		457CFC292AEBEFF600E6C92F /* Sources */ = {
			isa = PBXSourcesBuildPhase;
			buildActionMask = 2147483647;
			files = (
				457CFC472AEBF0A900E6C92F /* CryptoListViewModel.swift in Sources */,
				457CFC452AEBF05A00E6C92F /* Crypto.swift in Sources */,
				457CFC432AEBF03900E6C92F /* WebService.swift in Sources */,
				457CFC332AEBEFF600E6C92F /* ContentView.swift in Sources */,
				457CFC312AEBEFF600E6C92F /* CryptoAppSwfitUIApp.swift in Sources */,
				451D68AD2AEC037F00F81A1E /* DetailsView.swift in Sources */,
			);
			runOnlyForDeploymentPostprocessing = 0;
		};
/* End PBXSourcesBuildPhase section */

/* Begin XCBuildConfiguration section */
		457CFC392AEBEFF800E6C92F /* Debug */ = {
			isa = XCBuildConfiguration;
			buildSettings = {
				ALWAYS_SEARCH_USER_PATHS = NO;
				ASSETCATALOG_COMPILER_GENERATE_SWIFT_ASSET_SYMBOL_EXTENSIONS = YES;
				CLANG_ANALYZER_NONNULL = YES;
				CLANG_ANALYZER_NUMBER_OBJECT_CONVERSION = YES_AGGRESSIVE;
				CLANG_CXX_LANGUAGE_STANDARD = "gnu++20";
				CLANG_ENABLE_MODULES = YES;
				CLANG_ENABLE_OBJC_ARC = YES;
				CLANG_ENABLE_OBJC_WEAK = YES;
				CLANG_WARN_BLOCK_CAPTURE_AUTORELEASING = YES;
				CLANG_WARN_BOOL_CONVERSION = YES;
				CLANG_WARN_COMMA = YES;
				CLANG_WARN_CONSTANT_CONVERSION = YES;
				CLANG_WARN_DEPRECATED_OBJC_IMPLEMENTATIONS = YES;
				CLANG_WARN_DIRECT_OBJC_ISA_USAGE = YES_ERROR;
				CLANG_WARN_DOCUMENTATION_COMMENTS = YES;
				CLANG_WARN_EMPTY_BODY = YES;
				CLANG_WARN_ENUM_CONVERSION = YES;
				CLANG_WARN_INFINITE_RECURSION = YES;
				CLANG_WARN_INT_CONVERSION = YES;
				CLANG_WARN_NON_LITERAL_NULL_CONVERSION = YES;
				CLANG_WARN_OBJC_IMPLICIT_RETAIN_SELF = YES;
				CLANG_WARN_OBJC_LITERAL_CONVERSION = YES;
				CLANG_WARN_OBJC_ROOT_CLASS = YES_ERROR;
				CLANG_WARN_QUOTED_INCLUDE_IN_FRAMEWORK_HEADER = YES;
				CLANG_WARN_RANGE_LOOP_ANALYSIS = YES;
				CLANG_WARN_STRICT_PROTOTYPES = YES;
				CLANG_WARN_SUSPICIOUS_MOVE = YES;
				CLANG_WARN_UNGUARDED_AVAILABILITY = YES_AGGRESSIVE;
				CLANG_WARN_UNREACHABLE_CODE = YES;
				CLANG_WARN__DUPLICATE_METHOD_MATCH = YES;
				COPY_PHASE_STRIP = NO;
				DEBUG_INFORMATION_FORMAT = dwarf;
				ENABLE_STRICT_OBJC_MSGSEND = YES;
				ENABLE_TESTABILITY = YES;
				ENABLE_USER_SCRIPT_SANDBOXING = YES;
				GCC_C_LANGUAGE_STANDARD = gnu17;
				GCC_DYNAMIC_NO_PIC = NO;
				GCC_NO_COMMON_BLOCKS = YES;
				GCC_OPTIMIZATION_LEVEL = 0;
				GCC_PREPROCESSOR_DEFINITIONS = (
					"DEBUG=1",
					"$(inherited)",
				);
				GCC_WARN_64_TO_32_BIT_CONVERSION = YES;
				GCC_WARN_ABOUT_RETURN_TYPE = YES_ERROR;
				GCC_WARN_UNDECLARED_SELECTOR = YES;
				GCC_WARN_UNINITIALIZED_AUTOS = YES_AGGRESSIVE;
				GCC_WARN_UNUSED_FUNCTION = YES;
				GCC_WARN_UNUSED_VARIABLE = YES;
				IPHONEOS_DEPLOYMENT_TARGET = 17.0;
				LOCALIZATION_PREFERS_STRING_CATALOGS = YES;
				MTL_ENABLE_DEBUG_INFO = INCLUDE_SOURCE;
				MTL_FAST_MATH = YES;
				ONLY_ACTIVE_ARCH = YES;
				SDKROOT = iphoneos;
				SWIFT_ACTIVE_COMPILATION_CONDITIONS = "DEBUG $(inherited)";
				SWIFT_OPTIMIZATION_LEVEL = "-Onone";
			};
			name = Debug;
		};
		457CFC3A2AEBEFF800E6C92F /* Release */ = {
			isa = XCBuildConfiguration;
			buildSettings = {
				ALWAYS_SEARCH_USER_PATHS = NO;
				ASSETCATALOG_COMPILER_GENERATE_SWIFT_ASSET_SYMBOL_EXTENSIONS = YES;
				CLANG_ANALYZER_NONNULL = YES;
				CLANG_ANALYZER_NUMBER_OBJECT_CONVERSION = YES_AGGRESSIVE;
				CLANG_CXX_LANGUAGE_STANDARD = "gnu++20";
				CLANG_ENABLE_MODULES = YES;
				CLANG_ENABLE_OBJC_ARC = YES;
				CLANG_ENABLE_OBJC_WEAK = YES;
				CLANG_WARN_BLOCK_CAPTURE_AUTORELEASING = YES;
				CLANG_WARN_BOOL_CONVERSION = YES;
				CLANG_WARN_COMMA = YES;
				CLANG_WARN_CONSTANT_CONVERSION = YES;
				CLANG_WARN_DEPRECATED_OBJC_IMPLEMENTATIONS = YES;
				CLANG_WARN_DIRECT_OBJC_ISA_USAGE = YES_ERROR;
				CLANG_WARN_DOCUMENTATION_COMMENTS = YES;
				CLANG_WARN_EMPTY_BODY = YES;
				CLANG_WARN_ENUM_CONVERSION = YES;
				CLANG_WARN_INFINITE_RECURSION = YES;
				CLANG_WARN_INT_CONVERSION = YES;
				CLANG_WARN_NON_LITERAL_NULL_CONVERSION = YES;
				CLANG_WARN_OBJC_IMPLICIT_RETAIN_SELF = YES;
				CLANG_WARN_OBJC_LITERAL_CONVERSION = YES;
				CLANG_WARN_OBJC_ROOT_CLASS = YES_ERROR;
				CLANG_WARN_QUOTED_INCLUDE_IN_FRAMEWORK_HEADER = YES;
				CLANG_WARN_RANGE_LOOP_ANALYSIS = YES;
				CLANG_WARN_STRICT_PROTOTYPES = YES;
				CLANG_WARN_SUSPICIOUS_MOVE = YES;
				CLANG_WARN_UNGUARDED_AVAILABILITY = YES_AGGRESSIVE;
				CLANG_WARN_UNREACHABLE_CODE = YES;
				CLANG_WARN__DUPLICATE_METHOD_MATCH = YES;
				COPY_PHASE_STRIP = NO;
				DEBUG_INFORMATION_FORMAT = "dwarf-with-dsym";
				ENABLE_NS_ASSERTIONS = NO;
				ENABLE_STRICT_OBJC_MSGSEND = YES;
				ENABLE_USER_SCRIPT_SANDBOXING = YES;
				GCC_C_LANGUAGE_STANDARD = gnu17;
				GCC_NO_COMMON_BLOCKS = YES;
				GCC_WARN_64_TO_32_BIT_CONVERSION = YES;
				GCC_WARN_ABOUT_RETURN_TYPE = YES_ERROR;
				GCC_WARN_UNDECLARED_SELECTOR = YES;
				GCC_WARN_UNINITIALIZED_AUTOS = YES_AGGRESSIVE;
				GCC_WARN_UNUSED_FUNCTION = YES;
				GCC_WARN_UNUSED_VARIABLE = YES;
				IPHONEOS_DEPLOYMENT_TARGET = 17.0;
				LOCALIZATION_PREFERS_STRING_CATALOGS = YES;
				MTL_ENABLE_DEBUG_INFO = NO;
				MTL_FAST_MATH = YES;
				SDKROOT = iphoneos;
				SWIFT_COMPILATION_MODE = wholemodule;
				VALIDATE_PRODUCT = YES;
			};
			name = Release;
		};
		457CFC3C2AEBEFF800E6C92F /* Debug */ = {
			isa = XCBuildConfiguration;
			buildSettings = {
				ASSETCATALOG_COMPILER_APPICON_NAME = AppIcon;
				ASSETCATALOG_COMPILER_GLOBAL_ACCENT_COLOR_NAME = AccentColor;
				CODE_SIGN_STYLE = Automatic;
				CURRENT_PROJECT_VERSION = 1;
				DEVELOPMENT_ASSET_PATHS = "\"CryptoAppSwfitUI/Preview Content\"";
				DEVELOPMENT_TEAM = A6RAK7H465;
				ENABLE_PREVIEWS = YES;
				GENERATE_INFOPLIST_FILE = YES;
				INFOPLIST_KEY_UIApplicationSceneManifest_Generation = YES;
				INFOPLIST_KEY_UIApplicationSupportsIndirectInputEvents = YES;
				INFOPLIST_KEY_UILaunchScreen_Generation = YES;
				INFOPLIST_KEY_UISupportedInterfaceOrientations_iPad = "UIInterfaceOrientationPortrait UIInterfaceOrientationPortraitUpsideDown UIInterfaceOrientationLandscapeLeft UIInterfaceOrientationLandscapeRight";
				INFOPLIST_KEY_UISupportedInterfaceOrientations_iPhone = "UIInterfaceOrientationPortrait UIInterfaceOrientationLandscapeLeft UIInterfaceOrientationLandscapeRight";
				LD_RUNPATH_SEARCH_PATHS = (
					"$(inherited)",
					"@executable_path/Frameworks",
				);
				MARKETING_VERSION = 1.0;
				PRODUCT_BUNDLE_IDENTIFIER = com.berkaysazak.CryptoAppSwfitUI;
				PRODUCT_NAME = "$(TARGET_NAME)";
				SWIFT_EMIT_LOC_STRINGS = YES;
				SWIFT_VERSION = 5.0;
				TARGETED_DEVICE_FAMILY = "1,2";
			};
			name = Debug;
		};
		457CFC3D2AEBEFF800E6C92F /* Release */ = {
			isa = XCBuildConfiguration;
			buildSettings = {
				ASSETCATALOG_COMPILER_APPICON_NAME = AppIcon;
				ASSETCATALOG_COMPILER_GLOBAL_ACCENT_COLOR_NAME = AccentColor;
				CODE_SIGN_STYLE = Automatic;
				CURRENT_PROJECT_VERSION = 1;
				DEVELOPMENT_ASSET_PATHS = "\"CryptoAppSwfitUI/Preview Content\"";
				DEVELOPMENT_TEAM = A6RAK7H465;
				ENABLE_PREVIEWS = YES;
				GENERATE_INFOPLIST_FILE = YES;
				INFOPLIST_KEY_UIApplicationSceneManifest_Generation = YES;
				INFOPLIST_KEY_UIApplicationSupportsIndirectInputEvents = YES;
				INFOPLIST_KEY_UILaunchScreen_Generation = YES;
				INFOPLIST_KEY_UISupportedInterfaceOrientations_iPad = "UIInterfaceOrientationPortrait UIInterfaceOrientationPortraitUpsideDown UIInterfaceOrientationLandscapeLeft UIInterfaceOrientationLandscapeRight";
				INFOPLIST_KEY_UISupportedInterfaceOrientations_iPhone = "UIInterfaceOrientationPortrait UIInterfaceOrientationLandscapeLeft UIInterfaceOrientationLandscapeRight";
				LD_RUNPATH_SEARCH_PATHS = (
					"$(inherited)",
					"@executable_path/Frameworks",
				);
				MARKETING_VERSION = 1.0;
				PRODUCT_BUNDLE_IDENTIFIER = com.berkaysazak.CryptoAppSwfitUI;
				PRODUCT_NAME = "$(TARGET_NAME)";
				SWIFT_EMIT_LOC_STRINGS = YES;
				SWIFT_VERSION = 5.0;
				TARGETED_DEVICE_FAMILY = "1,2";
			};
			name = Release;
		};
/* End XCBuildConfiguration section */

/* Begin XCConfigurationList section */
		457CFC282AEBEFF600E6C92F /* Build configuration list for PBXProject "CryptoAppSwfitUI" */ = {
			isa = XCConfigurationList;
			buildConfigurations = (
				457CFC392AEBEFF800E6C92F /* Debug */,
				457CFC3A2AEBEFF800E6C92F /* Release */,
			);
			defaultConfigurationIsVisible = 0;
			defaultConfigurationName = Release;
		};
		457CFC3B2AEBEFF800E6C92F /* Build configuration list for PBXNativeTarget "CryptoAppSwfitUI" */ = {
			isa = XCConfigurationList;
			buildConfigurations = (
				457CFC3C2AEBEFF800E6C92F /* Debug */,
				457CFC3D2AEBEFF800E6C92F /* Release */,
			);
			defaultConfigurationIsVisible = 0;
			defaultConfigurationName = Release;
		};
/* End XCConfigurationList section */
	};
	rootObject = 457CFC252AEBEFF600E6C92F /* Project object */;
}
